
Microsoft Visual Studio Solution File, Format Version 12.00
# Visual Studio Version 17
VisualStudioVersion = 17.6.33829.357
MinimumVisualStudioVersion = 10.0.40219.1
Project("{FAE04EC0-301F-11D3-BF4B-00C04F79EFBC}") = "Laboratrium 1", "Laboratrium 1\Laboratrium 1.csproj", "{BE91533B-6174-4439-8E41-749DB5B414E2}"
EndProject
Global
	GlobalSection(SolutionConfigurationPlatforms) = preSolution
		Debug|Any CPU = Debug|Any CPU
		Release|Any CPU = Release|Any CPU
	EndGlobalSection
	GlobalSection(ProjectConfigurationPlatforms) = postSolution
		{BE91533B-6174-4439-8E41-749DB5B414E2}.Debug|Any CPU.ActiveCfg = Debug|Any CPU
		{BE91533B-6174-4439-8E41-749DB5B414E2}.Debug|Any CPU.Build.0 = Debug|Any CPU
		{BE91533B-6174-4439-8E41-749DB5B414E2}.Release|Any CPU.ActiveCfg = Release|Any CPU
		{BE91533B-6174-4439-8E41-749DB5B414E2}.Release|Any CPU.Build.0 = Release|Any CPU
	EndGlobalSection
	GlobalSection(SolutionProperties) = preSolution
		HideSolutionNode = FALSE
	EndGlobalSection
	GlobalSection(ExtensibilityGlobals) = postSolution
		SolutionGuid = {7C73A0C6-3B11-4D59-81F0-E75669AE4FEE}
	EndGlobalSection
EndGlobal
